// !$*UTF8*$!
{
	archiveVersion = 1;
	classes = {
	};
	objectVersion = 56;
	objects = {

/* Begin PBXBuildFile section */
		BE3E57D128DC570500C7048C /* Preview Assets.xcassets in Resources */ = {isa = PBXBuildFile; fileRef = BE3E57D028DC570500C7048C /* Preview Assets.xcassets */; };
		BE3E57DB28DC579A00C7048C /* AppState.swift in Sources */ = {isa = PBXBuildFile; fileRef = BE3E57DA28DC579A00C7048C /* AppState.swift */; };
		BE3E57DD28DC57B000C7048C /* Observer.swift in Sources */ = {isa = PBXBuildFile; fileRef = BE3E57DC28DC57B000C7048C /* Observer.swift */; };
		BE3E57DF28DC57BD00C7048C /* EnvironmentStore.swift in Sources */ = {isa = PBXBuildFile; fileRef = BE3E57DE28DC57BD00C7048C /* EnvironmentStore.swift */; };
		BE3E57E128DC57D000C7048C /* StoreProvider.swift in Sources */ = {isa = PBXBuildFile; fileRef = BE3E57E028DC57D000C7048C /* StoreProvider.swift */; };
		BE3E57E328DC57EE00C7048C /* AppReducer.swift in Sources */ = {isa = PBXBuildFile; fileRef = BE3E57E228DC57EE00C7048C /* AppReducer.swift */; };
		BE3E57E528DC580300C7048C /* Command.swift in Sources */ = {isa = PBXBuildFile; fileRef = BE3E57E428DC580300C7048C /* Command.swift */; };
		BE3E57E728DC582D00C7048C /* Graph.swift in Sources */ = {isa = PBXBuildFile; fileRef = BE3E57E628DC582D00C7048C /* Graph.swift */; };
		BE3E57E928DC583C00C7048C /* Dispatch.swift in Sources */ = {isa = PBXBuildFile; fileRef = BE3E57E828DC583C00C7048C /* Dispatch.swift */; };
		BE3E57EB28DC585800C7048C /* Connector.swift in Sources */ = {isa = PBXBuildFile; fileRef = BE3E57EA28DC585800C7048C /* Connector.swift */; };
		BE3E57ED28DC587100C7048C /* Store.swift in Sources */ = {isa = PBXBuildFile; fileRef = BE3E57EC28DC587100C7048C /* Store.swift */; };
		BE3E57EF28DC588A00C7048C /* Action.swift in Sources */ = {isa = PBXBuildFile; fileRef = BE3E57EE28DC588A00C7048C /* Action.swift */; };
		BE3E57F128DC58A700C7048C /* DataDriven.swift in Sources */ = {isa = PBXBuildFile; fileRef = BE3E57F028DC58A700C7048C /* DataDriven.swift */; };
		BE3E57F328DC58EF00C7048C /* DispatchQueueLabels.swift in Sources */ = {isa = PBXBuildFile; fileRef = BE3E57F228DC58EF00C7048C /* DispatchQueueLabels.swift */; };
		BE3E57F528DC591100C7048C /* Emptyable.swift in Sources */ = {isa = PBXBuildFile; fileRef = BE3E57F428DC591100C7048C /* Emptyable.swift */; };
		BE3E57FB28DC65D000C7048C /* CategoriesAction.swift in Sources */ = {isa = PBXBuildFile; fileRef = BE3E57FA28DC65D000C7048C /* CategoriesAction.swift */; };
		BE3E57FD28DC65E800C7048C /* CategoriesState.swift in Sources */ = {isa = PBXBuildFile; fileRef = BE3E57FC28DC65E800C7048C /* CategoriesState.swift */; };
		BE3E580028DC65FB00C7048C /* Sorted.swift in Sources */ = {isa = PBXBuildFile; fileRef = BE3E57FF28DC65FB00C7048C /* Sorted.swift */; };
		BE3E580228DC661B00C7048C /* RequestId.swift in Sources */ = {isa = PBXBuildFile; fileRef = BE3E580128DC661B00C7048C /* RequestId.swift */; };
		BE3E580428DC662C00C7048C /* Tagged.swift in Sources */ = {isa = PBXBuildFile; fileRef = BE3E580328DC662C00C7048C /* Tagged.swift */; };
		BE3E580628DC664A00C7048C /* CategoriesReducer.swift in Sources */ = {isa = PBXBuildFile; fileRef = BE3E580528DC664A00C7048C /* CategoriesReducer.swift */; };
		BE3E580828DC666100C7048C /* CategoryModel.swift in Sources */ = {isa = PBXBuildFile; fileRef = BE3E580728DC666100C7048C /* CategoryModel.swift */; };
		BE3E580B28DC668200C7048C /* FactModel.swift in Sources */ = {isa = PBXBuildFile; fileRef = BE3E580A28DC668200C7048C /* FactModel.swift */; };
		BE3E580D28DC66BA00C7048C /* App+Store.swift in Sources */ = {isa = PBXBuildFile; fileRef = BE3E580C28DC66BA00C7048C /* App+Store.swift */; };
		BE3E580F28DC66F200C7048C /* CategoriesConnector.swift in Sources */ = {isa = PBXBuildFile; fileRef = BE3E580E28DC66F200C7048C /* CategoriesConnector.swift */; };
		BE3E581128DC66F800C7048C /* CategoriesView.swift in Sources */ = {isa = PBXBuildFile; fileRef = BE3E581028DC66F800C7048C /* CategoriesView.swift */; };
		BE3E581428DC673700C7048C /* CategoryView.swift in Sources */ = {isa = PBXBuildFile; fileRef = BE3E581328DC673700C7048C /* CategoryView.swift */; };
		BE3E581628DC674200C7048C /* CategoryConnector.swift in Sources */ = {isa = PBXBuildFile; fileRef = BE3E581528DC674200C7048C /* CategoryConnector.swift */; };
		BE3E581828DC67AD00C7048C /* Mock.swift in Sources */ = {isa = PBXBuildFile; fileRef = BE3E581728DC67AD00C7048C /* Mock.swift */; };
		BE3E581B28DC681000C7048C /* UnavailableView.swift in Sources */ = {isa = PBXBuildFile; fileRef = BE3E581A28DC681000C7048C /* UnavailableView.swift */; };
		BE3E581D28DC68A600C7048C /* GraphCategories.swift in Sources */ = {isa = PBXBuildFile; fileRef = BE3E581C28DC68A600C7048C /* GraphCategories.swift */; };
		BE526C7B28DC54A900982848 /* AnimalFactsApp.swift in Sources */ = {isa = PBXBuildFile; fileRef = BE526C7A28DC54A900982848 /* AnimalFactsApp.swift */; };
		BE526C7F28DC54AA00982848 /* Assets.xcassets in Resources */ = {isa = PBXBuildFile; fileRef = BE526C7E28DC54AA00982848 /* Assets.xcassets */; };
		BE526C8C28DC54AA00982848 /* AnimalFactsTests.swift in Sources */ = {isa = PBXBuildFile; fileRef = BE526C8B28DC54AA00982848 /* AnimalFactsTests.swift */; };
		BE526C9628DC54AA00982848 /* AnimalFactsUITests.swift in Sources */ = {isa = PBXBuildFile; fileRef = BE526C9528DC54AA00982848 /* AnimalFactsUITests.swift */; };
		BE526C9828DC54AA00982848 /* AnimalFactsUITestsLaunchTests.swift in Sources */ = {isa = PBXBuildFile; fileRef = BE526C9728DC54AA00982848 /* AnimalFactsUITestsLaunchTests.swift */; };
/* End PBXBuildFile section */

/* Begin PBXContainerItemProxy section */
		BE526C8828DC54AA00982848 /* PBXContainerItemProxy */ = {
			isa = PBXContainerItemProxy;
			containerPortal = BE526C6F28DC54A900982848 /* Project object */;
			proxyType = 1;
			remoteGlobalIDString = BE526C7628DC54A900982848;
			remoteInfo = AnimalFacts;
		};
		BE526C9228DC54AA00982848 /* PBXContainerItemProxy */ = {
			isa = PBXContainerItemProxy;
			containerPortal = BE526C6F28DC54A900982848 /* Project object */;
			proxyType = 1;
			remoteGlobalIDString = BE526C7628DC54A900982848;
			remoteInfo = AnimalFacts;
		};
/* End PBXContainerItemProxy section */

/* Begin PBXFileReference section */
		BE3E57D028DC570500C7048C /* Preview Assets.xcassets */ = {isa = PBXFileReference; lastKnownFileType = folder.assetcatalog; path = "Preview Assets.xcassets"; sourceTree = "<group>"; };
		BE3E57DA28DC579A00C7048C /* AppState.swift */ = {isa = PBXFileReference; lastKnownFileType = sourcecode.swift; path = AppState.swift; sourceTree = "<group>"; };
		BE3E57DC28DC57B000C7048C /* Observer.swift */ = {isa = PBXFileReference; lastKnownFileType = sourcecode.swift; path = Observer.swift; sourceTree = "<group>"; };
		BE3E57DE28DC57BD00C7048C /* EnvironmentStore.swift */ = {isa = PBXFileReference; lastKnownFileType = sourcecode.swift; path = EnvironmentStore.swift; sourceTree = "<group>"; };
		BE3E57E028DC57D000C7048C /* StoreProvider.swift */ = {isa = PBXFileReference; lastKnownFileType = sourcecode.swift; path = StoreProvider.swift; sourceTree = "<group>"; };
		BE3E57E228DC57EE00C7048C /* AppReducer.swift */ = {isa = PBXFileReference; lastKnownFileType = sourcecode.swift; path = AppReducer.swift; sourceTree = "<group>"; };
		BE3E57E428DC580300C7048C /* Command.swift */ = {isa = PBXFileReference; lastKnownFileType = sourcecode.swift; path = Command.swift; sourceTree = "<group>"; };
		BE3E57E628DC582D00C7048C /* Graph.swift */ = {isa = PBXFileReference; lastKnownFileType = sourcecode.swift; path = Graph.swift; sourceTree = "<group>"; };
		BE3E57E828DC583C00C7048C /* Dispatch.swift */ = {isa = PBXFileReference; lastKnownFileType = sourcecode.swift; path = Dispatch.swift; sourceTree = "<group>"; };
		BE3E57EA28DC585800C7048C /* Connector.swift */ = {isa = PBXFileReference; lastKnownFileType = sourcecode.swift; path = Connector.swift; sourceTree = "<group>"; };
		BE3E57EC28DC587100C7048C /* Store.swift */ = {isa = PBXFileReference; lastKnownFileType = sourcecode.swift; path = Store.swift; sourceTree = "<group>"; };
		BE3E57EE28DC588A00C7048C /* Action.swift */ = {isa = PBXFileReference; lastKnownFileType = sourcecode.swift; path = Action.swift; sourceTree = "<group>"; };
		BE3E57F028DC58A700C7048C /* DataDriven.swift */ = {isa = PBXFileReference; lastKnownFileType = sourcecode.swift; path = DataDriven.swift; sourceTree = "<group>"; };
		BE3E57F228DC58EF00C7048C /* DispatchQueueLabels.swift */ = {isa = PBXFileReference; lastKnownFileType = sourcecode.swift; path = DispatchQueueLabels.swift; sourceTree = "<group>"; };
		BE3E57F428DC591100C7048C /* Emptyable.swift */ = {isa = PBXFileReference; lastKnownFileType = sourcecode.swift; path = Emptyable.swift; sourceTree = "<group>"; };
		BE3E57FA28DC65D000C7048C /* CategoriesAction.swift */ = {isa = PBXFileReference; lastKnownFileType = sourcecode.swift; path = CategoriesAction.swift; sourceTree = "<group>"; };
		BE3E57FC28DC65E800C7048C /* CategoriesState.swift */ = {isa = PBXFileReference; lastKnownFileType = sourcecode.swift; path = CategoriesState.swift; sourceTree = "<group>"; };
		BE3E57FF28DC65FB00C7048C /* Sorted.swift */ = {isa = PBXFileReference; lastKnownFileType = sourcecode.swift; path = Sorted.swift; sourceTree = "<group>"; };
		BE3E580128DC661B00C7048C /* RequestId.swift */ = {isa = PBXFileReference; lastKnownFileType = sourcecode.swift; path = RequestId.swift; sourceTree = "<group>"; };
		BE3E580328DC662C00C7048C /* Tagged.swift */ = {isa = PBXFileReference; lastKnownFileType = sourcecode.swift; path = Tagged.swift; sourceTree = "<group>"; };
		BE3E580528DC664A00C7048C /* CategoriesReducer.swift */ = {isa = PBXFileReference; lastKnownFileType = sourcecode.swift; path = CategoriesReducer.swift; sourceTree = "<group>"; };
		BE3E580728DC666100C7048C /* CategoryModel.swift */ = {isa = PBXFileReference; lastKnownFileType = sourcecode.swift; path = CategoryModel.swift; sourceTree = "<group>"; };
		BE3E580A28DC668200C7048C /* FactModel.swift */ = {isa = PBXFileReference; lastKnownFileType = sourcecode.swift; path = FactModel.swift; sourceTree = "<group>"; };
		BE3E580C28DC66BA00C7048C /* App+Store.swift */ = {isa = PBXFileReference; lastKnownFileType = sourcecode.swift; path = "App+Store.swift"; sourceTree = "<group>"; };
		BE3E580E28DC66F200C7048C /* CategoriesConnector.swift */ = {isa = PBXFileReference; lastKnownFileType = sourcecode.swift; path = CategoriesConnector.swift; sourceTree = "<group>"; };
		BE3E581028DC66F800C7048C /* CategoriesView.swift */ = {isa = PBXFileReference; lastKnownFileType = sourcecode.swift; path = CategoriesView.swift; sourceTree = "<group>"; };
		BE3E581328DC673700C7048C /* CategoryView.swift */ = {isa = PBXFileReference; lastKnownFileType = sourcecode.swift; path = CategoryView.swift; sourceTree = "<group>"; };
		BE3E581528DC674200C7048C /* CategoryConnector.swift */ = {isa = PBXFileReference; lastKnownFileType = sourcecode.swift; path = CategoryConnector.swift; sourceTree = "<group>"; };
		BE3E581728DC67AD00C7048C /* Mock.swift */ = {isa = PBXFileReference; lastKnownFileType = sourcecode.swift; path = Mock.swift; sourceTree = "<group>"; };
		BE3E581A28DC681000C7048C /* UnavailableView.swift */ = {isa = PBXFileReference; lastKnownFileType = sourcecode.swift; path = UnavailableView.swift; sourceTree = "<group>"; };
		BE3E581C28DC68A600C7048C /* GraphCategories.swift */ = {isa = PBXFileReference; lastKnownFileType = sourcecode.swift; path = GraphCategories.swift; sourceTree = "<group>"; };
		BE526C7728DC54A900982848 /* AnimalFacts.app */ = {isa = PBXFileReference; explicitFileType = wrapper.application; includeInIndex = 0; path = AnimalFacts.app; sourceTree = BUILT_PRODUCTS_DIR; };
		BE526C7A28DC54A900982848 /* AnimalFactsApp.swift */ = {isa = PBXFileReference; lastKnownFileType = sourcecode.swift; path = AnimalFactsApp.swift; sourceTree = "<group>"; };
		BE526C7E28DC54AA00982848 /* Assets.xcassets */ = {isa = PBXFileReference; lastKnownFileType = folder.assetcatalog; path = Assets.xcassets; sourceTree = "<group>"; };
		BE526C8728DC54AA00982848 /* AnimalFactsTests.xctest */ = {isa = PBXFileReference; explicitFileType = wrapper.cfbundle; includeInIndex = 0; path = AnimalFactsTests.xctest; sourceTree = BUILT_PRODUCTS_DIR; };
		BE526C8B28DC54AA00982848 /* AnimalFactsTests.swift */ = {isa = PBXFileReference; lastKnownFileType = sourcecode.swift; path = AnimalFactsTests.swift; sourceTree = "<group>"; };
		BE526C9128DC54AA00982848 /* AnimalFactsUITests.xctest */ = {isa = PBXFileReference; explicitFileType = wrapper.cfbundle; includeInIndex = 0; path = AnimalFactsUITests.xctest; sourceTree = BUILT_PRODUCTS_DIR; };
		BE526C9528DC54AA00982848 /* AnimalFactsUITests.swift */ = {isa = PBXFileReference; lastKnownFileType = sourcecode.swift; path = AnimalFactsUITests.swift; sourceTree = "<group>"; };
		BE526C9728DC54AA00982848 /* AnimalFactsUITestsLaunchTests.swift */ = {isa = PBXFileReference; lastKnownFileType = sourcecode.swift; path = AnimalFactsUITestsLaunchTests.swift; sourceTree = "<group>"; };
/* End PBXFileReference section */

/* Begin PBXFrameworksBuildPhase section */
		BE526C7428DC54A900982848 /* Frameworks */ = {
			isa = PBXFrameworksBuildPhase;
			buildActionMask = 2147483647;
			files = (
			);
			runOnlyForDeploymentPostprocessing = 0;
		};
		BE526C8428DC54AA00982848 /* Frameworks */ = {
			isa = PBXFrameworksBuildPhase;
			buildActionMask = 2147483647;
			files = (
			);
			runOnlyForDeploymentPostprocessing = 0;
		};
		BE526C8E28DC54AA00982848 /* Frameworks */ = {
			isa = PBXFrameworksBuildPhase;
			buildActionMask = 2147483647;
			files = (
			);
			runOnlyForDeploymentPostprocessing = 0;
		};
/* End PBXFrameworksBuildPhase section */

/* Begin PBXGroup section */
		BE3E57CF28DC570500C7048C /* Preview Content */ = {
			isa = PBXGroup;
			children = (
				BE3E57D028DC570500C7048C /* Preview Assets.xcassets */,
			);
			path = "Preview Content";
			sourceTree = "<group>";
		};
		BE3E57D228DC571D00C7048C /* Core */ = {
			isa = PBXGroup;
			children = (
				BE3E57FE28DC65F600C7048C /* PropertyWrappers */,
				BE3E57D928DC578900C7048C /* DataDriven */,
				BE3E57D828DC577A00C7048C /* Redux */,
			);
			path = Core;
			sourceTree = "<group>";
		};
		BE3E57D328DC572100C7048C /* App */ = {
			isa = PBXGroup;
			children = (
				BE526C7A28DC54A900982848 /* AnimalFactsApp.swift */,
				BE3E580C28DC66BA00C7048C /* App+Store.swift */,
			);
			path = App;
			sourceTree = "<group>";
		};
		BE3E57D428DC573000C7048C /* Scenes */ = {
			isa = PBXGroup;
			children = (
				BE3E57D528DC573A00C7048C /* Categories */,
				BE3E57D628DC573F00C7048C /* Facts */,
			);
			path = Scenes;
			sourceTree = "<group>";
		};
		BE3E57D528DC573A00C7048C /* Categories */ = {
			isa = PBXGroup;
			children = (
				BE3E57F828DC65B100C7048C /* Graph */,
				BE3E57F928DC65B800C7048C /* Models */,
				BE3E57F628DC65AA00C7048C /* State */,
				BE3E57F728DC65AE00C7048C /* View */,
			);
			path = Categories;
			sourceTree = "<group>";
		};
		BE3E57D628DC573F00C7048C /* Facts */ = {
			isa = PBXGroup;
			children = (
				BE3E580928DC667200C7048C /* Models */,
			);
			path = Facts;
			sourceTree = "<group>";
		};
		BE3E57D728DC575900C7048C /* Utility */ = {
			isa = PBXGroup;
			children = (
				BE3E57F228DC58EF00C7048C /* DispatchQueueLabels.swift */,
				BE3E57F428DC591100C7048C /* Emptyable.swift */,
				BE3E580128DC661B00C7048C /* RequestId.swift */,
				BE3E580328DC662C00C7048C /* Tagged.swift */,
				BE3E581728DC67AD00C7048C /* Mock.swift */,
			);
			path = Utility;
			sourceTree = "<group>";
		};
		BE3E57D828DC577A00C7048C /* Redux */ = {
			isa = PBXGroup;
			children = (
				BE3E57EE28DC588A00C7048C /* Action.swift */,
				BE3E57E228DC57EE00C7048C /* AppReducer.swift */,
				BE3E57DA28DC579A00C7048C /* AppState.swift */,
				BE3E57E428DC580300C7048C /* Command.swift */,
				BE3E57EA28DC585800C7048C /* Connector.swift */,
				BE3E57E828DC583C00C7048C /* Dispatch.swift */,
				BE3E57DE28DC57BD00C7048C /* EnvironmentStore.swift */,
				BE3E57E628DC582D00C7048C /* Graph.swift */,
				BE3E57DC28DC57B000C7048C /* Observer.swift */,
				BE3E57EC28DC587100C7048C /* Store.swift */,
				BE3E57E028DC57D000C7048C /* StoreProvider.swift */,
			);
			path = Redux;
			sourceTree = "<group>";
		};
		BE3E57D928DC578900C7048C /* DataDriven */ = {
			isa = PBXGroup;
			children = (
				BE3E57F028DC58A700C7048C /* DataDriven.swift */,
			);
			path = DataDriven;
			sourceTree = "<group>";
		};
		BE3E57F628DC65AA00C7048C /* State */ = {
			isa = PBXGroup;
			children = (
				BE3E57FA28DC65D000C7048C /* CategoriesAction.swift */,
				BE3E57FC28DC65E800C7048C /* CategoriesState.swift */,
				BE3E580528DC664A00C7048C /* CategoriesReducer.swift */,
			);
			path = State;
			sourceTree = "<group>";
		};
		BE3E57F728DC65AE00C7048C /* View */ = {
			isa = PBXGroup;
			children = (
				BE3E581228DC671E00C7048C /* Row */,
				BE3E580E28DC66F200C7048C /* CategoriesConnector.swift */,
				BE3E581028DC66F800C7048C /* CategoriesView.swift */,
			);
			path = View;
			sourceTree = "<group>";
		};
		BE3E57F828DC65B100C7048C /* Graph */ = {
			isa = PBXGroup;
			children = (
				BE3E581C28DC68A600C7048C /* GraphCategories.swift */,
			);
			path = Graph;
			sourceTree = "<group>";
		};
		BE3E57F928DC65B800C7048C /* Models */ = {
			isa = PBXGroup;
			children = (
				BE3E580728DC666100C7048C /* CategoryModel.swift */,
			);
			path = Models;
			sourceTree = "<group>";
		};
		BE3E57FE28DC65F600C7048C /* PropertyWrappers */ = {
			isa = PBXGroup;
			children = (
				BE3E57FF28DC65FB00C7048C /* Sorted.swift */,
			);
			path = PropertyWrappers;
			sourceTree = "<group>";
		};
		BE3E580928DC667200C7048C /* Models */ = {
			isa = PBXGroup;
			children = (
				BE3E580A28DC668200C7048C /* FactModel.swift */,
			);
			path = Models;
			sourceTree = "<group>";
		};
		BE3E581228DC671E00C7048C /* Row */ = {
			isa = PBXGroup;
			children = (
				BE3E581928DC67FA00C7048C /* UnavailableView */,
				BE3E581328DC673700C7048C /* CategoryView.swift */,
				BE3E581528DC674200C7048C /* CategoryConnector.swift */,
			);
			path = Row;
			sourceTree = "<group>";
		};
		BE3E581928DC67FA00C7048C /* UnavailableView */ = {
			isa = PBXGroup;
			children = (
				BE3E581A28DC681000C7048C /* UnavailableView.swift */,
			);
			path = UnavailableView;
			sourceTree = "<group>";
		};
		BE526C6E28DC54A900982848 = {
			isa = PBXGroup;
			children = (
				BE526C7928DC54A900982848 /* AnimalFacts */,
				BE526C8A28DC54AA00982848 /* AnimalFactsTests */,
				BE526C9428DC54AA00982848 /* AnimalFactsUITests */,
				BE526C7828DC54A900982848 /* Products */,
			);
			sourceTree = "<group>";
		};
		BE526C7828DC54A900982848 /* Products */ = {
			isa = PBXGroup;
			children = (
				BE526C7728DC54A900982848 /* AnimalFacts.app */,
				BE526C8728DC54AA00982848 /* AnimalFactsTests.xctest */,
				BE526C9128DC54AA00982848 /* AnimalFactsUITests.xctest */,
			);
			name = Products;
			sourceTree = "<group>";
		};
		BE526C7928DC54A900982848 /* AnimalFacts */ = {
			isa = PBXGroup;
			children = (
				BE526CA528DC56D100982848 /* Resource */,
				BE526CA428DC56C900982848 /* Source */,
			);
			path = AnimalFacts;
			sourceTree = "<group>";
		};
		BE526C8A28DC54AA00982848 /* AnimalFactsTests */ = {
			isa = PBXGroup;
			children = (
				BE526C8B28DC54AA00982848 /* AnimalFactsTests.swift */,
			);
			path = AnimalFactsTests;
			sourceTree = "<group>";
		};
		BE526C9428DC54AA00982848 /* AnimalFactsUITests */ = {
			isa = PBXGroup;
			children = (
				BE526C9528DC54AA00982848 /* AnimalFactsUITests.swift */,
				BE526C9728DC54AA00982848 /* AnimalFactsUITestsLaunchTests.swift */,
			);
			path = AnimalFactsUITests;
			sourceTree = "<group>";
		};
		BE526CA428DC56C900982848 /* Source */ = {
			isa = PBXGroup;
			children = (
				BE3E57D328DC572100C7048C /* App */,
				BE3E57D228DC571D00C7048C /* Core */,
				BE3E57D428DC573000C7048C /* Scenes */,
				BE3E57D728DC575900C7048C /* Utility */,
			);
			path = Source;
			sourceTree = "<group>";
		};
		BE526CA528DC56D100982848 /* Resource */ = {
			isa = PBXGroup;
			children = (
				BE3E57CF28DC570500C7048C /* Preview Content */,
				BE526C7E28DC54AA00982848 /* Assets.xcassets */,
			);
			path = Resource;
			sourceTree = "<group>";
		};
/* End PBXGroup section */

/* Begin PBXNativeTarget section */
		BE526C7628DC54A900982848 /* AnimalFacts */ = {
			isa = PBXNativeTarget;
			buildConfigurationList = BE526C9B28DC54AA00982848 /* Build configuration list for PBXNativeTarget "AnimalFacts" */;
			buildPhases = (
				BE526C7328DC54A900982848 /* Sources */,
				BE526C7428DC54A900982848 /* Frameworks */,
				BE526C7528DC54A900982848 /* Resources */,
			);
			buildRules = (
			);
			dependencies = (
			);
			name = AnimalFacts;
			productName = AnimalFacts;
			productReference = BE526C7728DC54A900982848 /* AnimalFacts.app */;
			productType = "com.apple.product-type.application";
		};
		BE526C8628DC54AA00982848 /* AnimalFactsTests */ = {
			isa = PBXNativeTarget;
			buildConfigurationList = BE526C9E28DC54AA00982848 /* Build configuration list for PBXNativeTarget "AnimalFactsTests" */;
			buildPhases = (
				BE526C8328DC54AA00982848 /* Sources */,
				BE526C8428DC54AA00982848 /* Frameworks */,
				BE526C8528DC54AA00982848 /* Resources */,
			);
			buildRules = (
			);
			dependencies = (
				BE526C8928DC54AA00982848 /* PBXTargetDependency */,
			);
			name = AnimalFactsTests;
			productName = AnimalFactsTests;
			productReference = BE526C8728DC54AA00982848 /* AnimalFactsTests.xctest */;
			productType = "com.apple.product-type.bundle.unit-test";
		};
		BE526C9028DC54AA00982848 /* AnimalFactsUITests */ = {
			isa = PBXNativeTarget;
			buildConfigurationList = BE526CA128DC54AA00982848 /* Build configuration list for PBXNativeTarget "AnimalFactsUITests" */;
			buildPhases = (
				BE526C8D28DC54AA00982848 /* Sources */,
				BE526C8E28DC54AA00982848 /* Frameworks */,
				BE526C8F28DC54AA00982848 /* Resources */,
			);
			buildRules = (
			);
			dependencies = (
				BE526C9328DC54AA00982848 /* PBXTargetDependency */,
			);
			name = AnimalFactsUITests;
			productName = AnimalFactsUITests;
			productReference = BE526C9128DC54AA00982848 /* AnimalFactsUITests.xctest */;
			productType = "com.apple.product-type.bundle.ui-testing";
		};
/* End PBXNativeTarget section */

/* Begin PBXProject section */
		BE526C6F28DC54A900982848 /* Project object */ = {
			isa = PBXProject;
			attributes = {
				BuildIndependentTargetsInParallel = 1;
				LastSwiftUpdateCheck = 1400;
				LastUpgradeCheck = 1400;
				TargetAttributes = {
					BE526C7628DC54A900982848 = {
						CreatedOnToolsVersion = 14.0;
					};
					BE526C8628DC54AA00982848 = {
						CreatedOnToolsVersion = 14.0;
						TestTargetID = BE526C7628DC54A900982848;
					};
					BE526C9028DC54AA00982848 = {
						CreatedOnToolsVersion = 14.0;
						TestTargetID = BE526C7628DC54A900982848;
					};
				};
			};
			buildConfigurationList = BE526C7228DC54A900982848 /* Build configuration list for PBXProject "AnimalFacts" */;
			compatibilityVersion = "Xcode 14.0";
			developmentRegion = en;
			hasScannedForEncodings = 0;
			knownRegions = (
				en,
				Base,
			);
			mainGroup = BE526C6E28DC54A900982848;
			productRefGroup = BE526C7828DC54A900982848 /* Products */;
			projectDirPath = "";
			projectRoot = "";
			targets = (
				BE526C7628DC54A900982848 /* AnimalFacts */,
				BE526C8628DC54AA00982848 /* AnimalFactsTests */,
				BE526C9028DC54AA00982848 /* AnimalFactsUITests */,
			);
		};
/* End PBXProject section */

/* Begin PBXResourcesBuildPhase section */
		BE526C7528DC54A900982848 /* Resources */ = {
			isa = PBXResourcesBuildPhase;
			buildActionMask = 2147483647;
			files = (
				BE3E57D128DC570500C7048C /* Preview Assets.xcassets in Resources */,
				BE526C7F28DC54AA00982848 /* Assets.xcassets in Resources */,
			);
			runOnlyForDeploymentPostprocessing = 0;
		};
		BE526C8528DC54AA00982848 /* Resources */ = {
			isa = PBXResourcesBuildPhase;
			buildActionMask = 2147483647;
			files = (
			);
			runOnlyForDeploymentPostprocessing = 0;
		};
		BE526C8F28DC54AA00982848 /* Resources */ = {
			isa = PBXResourcesBuildPhase;
			buildActionMask = 2147483647;
			files = (
			);
			runOnlyForDeploymentPostprocessing = 0;
		};
/* End PBXResourcesBuildPhase section */

/* Begin PBXSourcesBuildPhase section */
		BE526C7328DC54A900982848 /* Sources */ = {
			isa = PBXSourcesBuildPhase;
			buildActionMask = 2147483647;
			files = (
				BE3E57E128DC57D000C7048C /* StoreProvider.swift in Sources */,
				BE3E580F28DC66F200C7048C /* CategoriesConnector.swift in Sources */,
				BE3E57EF28DC588A00C7048C /* Action.swift in Sources */,
				BE3E580028DC65FB00C7048C /* Sorted.swift in Sources */,
				BE3E57EB28DC585800C7048C /* Connector.swift in Sources */,
				BE3E57DF28DC57BD00C7048C /* EnvironmentStore.swift in Sources */,
				BE3E57ED28DC587100C7048C /* Store.swift in Sources */,
				BE3E580D28DC66BA00C7048C /* App+Store.swift in Sources */,
				BE3E581D28DC68A600C7048C /* GraphCategories.swift in Sources */,
				BE3E580828DC666100C7048C /* CategoryModel.swift in Sources */,
				BE3E580628DC664A00C7048C /* CategoriesReducer.swift in Sources */,
				BE3E581B28DC681000C7048C /* UnavailableView.swift in Sources */,
				BE3E57E328DC57EE00C7048C /* AppReducer.swift in Sources */,
				BE3E581828DC67AD00C7048C /* Mock.swift in Sources */,
				BE3E580B28DC668200C7048C /* FactModel.swift in Sources */,
				BE3E57DB28DC579A00C7048C /* AppState.swift in Sources */,
				BE3E580228DC661B00C7048C /* RequestId.swift in Sources */,
				BE3E57DD28DC57B000C7048C /* Observer.swift in Sources */,
				BE3E57E928DC583C00C7048C /* Dispatch.swift in Sources */,
				BE3E57E728DC582D00C7048C /* Graph.swift in Sources */,
				BE3E57F128DC58A700C7048C /* DataDriven.swift in Sources */,
				BE3E57FB28DC65D000C7048C /* CategoriesAction.swift in Sources */,
				BE526C7B28DC54A900982848 /* AnimalFactsApp.swift in Sources */,
				BE3E57F528DC591100C7048C /* Emptyable.swift in Sources */,
				BE3E581428DC673700C7048C /* CategoryView.swift in Sources */,
				BE3E581628DC674200C7048C /* CategoryConnector.swift in Sources */,
				BE3E580428DC662C00C7048C /* Tagged.swift in Sources */,
				BE3E581128DC66F800C7048C /* CategoriesView.swift in Sources */,
				BE3E57F328DC58EF00C7048C /* DispatchQueueLabels.swift in Sources */,
				BE3E57E528DC580300C7048C /* Command.swift in Sources */,
				BE3E57FD28DC65E800C7048C /* CategoriesState.swift in Sources */,
			);
			runOnlyForDeploymentPostprocessing = 0;
		};
		BE526C8328DC54AA00982848 /* Sources */ = {
			isa = PBXSourcesBuildPhase;
			buildActionMask = 2147483647;
			files = (
				BE526C8C28DC54AA00982848 /* AnimalFactsTests.swift in Sources */,
			);
			runOnlyForDeploymentPostprocessing = 0;
		};
		BE526C8D28DC54AA00982848 /* Sources */ = {
			isa = PBXSourcesBuildPhase;
			buildActionMask = 2147483647;
			files = (
				BE526C9828DC54AA00982848 /* AnimalFactsUITestsLaunchTests.swift in Sources */,
				BE526C9628DC54AA00982848 /* AnimalFactsUITests.swift in Sources */,
			);
			runOnlyForDeploymentPostprocessing = 0;
		};
/* End PBXSourcesBuildPhase section */

/* Begin PBXTargetDependency section */
		BE526C8928DC54AA00982848 /* PBXTargetDependency */ = {
			isa = PBXTargetDependency;
			target = BE526C7628DC54A900982848 /* AnimalFacts */;
			targetProxy = BE526C8828DC54AA00982848 /* PBXContainerItemProxy */;
		};
		BE526C9328DC54AA00982848 /* PBXTargetDependency */ = {
			isa = PBXTargetDependency;
			target = BE526C7628DC54A900982848 /* AnimalFacts */;
			targetProxy = BE526C9228DC54AA00982848 /* PBXContainerItemProxy */;
		};
/* End PBXTargetDependency section */

/* Begin XCBuildConfiguration section */
		BE526C9928DC54AA00982848 /* Debug */ = {
			isa = XCBuildConfiguration;
			buildSettings = {
				ALWAYS_SEARCH_USER_PATHS = NO;
				CLANG_ANALYZER_NONNULL = YES;
				CLANG_ANALYZER_NUMBER_OBJECT_CONVERSION = YES_AGGRESSIVE;
				CLANG_CXX_LANGUAGE_STANDARD = "gnu++20";
				CLANG_ENABLE_MODULES = YES;
				CLANG_ENABLE_OBJC_ARC = YES;
				CLANG_ENABLE_OBJC_WEAK = YES;
				CLANG_WARN_BLOCK_CAPTURE_AUTORELEASING = YES;
				CLANG_WARN_BOOL_CONVERSION = YES;
				CLANG_WARN_COMMA = YES;
				CLANG_WARN_CONSTANT_CONVERSION = YES;
				CLANG_WARN_DEPRECATED_OBJC_IMPLEMENTATIONS = YES;
				CLANG_WARN_DIRECT_OBJC_ISA_USAGE = YES_ERROR;
				CLANG_WARN_DOCUMENTATION_COMMENTS = YES;
				CLANG_WARN_EMPTY_BODY = YES;
				CLANG_WARN_ENUM_CONVERSION = YES;
				CLANG_WARN_INFINITE_RECURSION = YES;
				CLANG_WARN_INT_CONVERSION = YES;
				CLANG_WARN_NON_LITERAL_NULL_CONVERSION = YES;
				CLANG_WARN_OBJC_IMPLICIT_RETAIN_SELF = YES;
				CLANG_WARN_OBJC_LITERAL_CONVERSION = YES;
				CLANG_WARN_OBJC_ROOT_CLASS = YES_ERROR;
				CLANG_WARN_QUOTED_INCLUDE_IN_FRAMEWORK_HEADER = YES;
				CLANG_WARN_RANGE_LOOP_ANALYSIS = YES;
				CLANG_WARN_STRICT_PROTOTYPES = YES;
				CLANG_WARN_SUSPICIOUS_MOVE = YES;
				CLANG_WARN_UNGUARDED_AVAILABILITY = YES_AGGRESSIVE;
				CLANG_WARN_UNREACHABLE_CODE = YES;
				CLANG_WARN__DUPLICATE_METHOD_MATCH = YES;
				COPY_PHASE_STRIP = NO;
				DEBUG_INFORMATION_FORMAT = dwarf;
				ENABLE_STRICT_OBJC_MSGSEND = YES;
				ENABLE_TESTABILITY = YES;
				GCC_C_LANGUAGE_STANDARD = gnu11;
				GCC_DYNAMIC_NO_PIC = NO;
				GCC_NO_COMMON_BLOCKS = YES;
				GCC_OPTIMIZATION_LEVEL = 0;
				GCC_PREPROCESSOR_DEFINITIONS = (
					"DEBUG=1",
					"$(inherited)",
				);
				GCC_WARN_64_TO_32_BIT_CONVERSION = YES;
				GCC_WARN_ABOUT_RETURN_TYPE = YES_ERROR;
				GCC_WARN_UNDECLARED_SELECTOR = YES;
				GCC_WARN_UNINITIALIZED_AUTOS = YES_AGGRESSIVE;
				GCC_WARN_UNUSED_FUNCTION = YES;
				GCC_WARN_UNUSED_VARIABLE = YES;
				IPHONEOS_DEPLOYMENT_TARGET = 16.0;
				MTL_ENABLE_DEBUG_INFO = INCLUDE_SOURCE;
				MTL_FAST_MATH = YES;
				ONLY_ACTIVE_ARCH = YES;
				SDKROOT = iphoneos;
				SWIFT_ACTIVE_COMPILATION_CONDITIONS = DEBUG;
				SWIFT_OPTIMIZATION_LEVEL = "-Onone";
			};
			name = Debug;
		};
		BE526C9A28DC54AA00982848 /* Release */ = {
			isa = XCBuildConfiguration;
			buildSettings = {
				ALWAYS_SEARCH_USER_PATHS = NO;
				CLANG_ANALYZER_NONNULL = YES;
				CLANG_ANALYZER_NUMBER_OBJECT_CONVERSION = YES_AGGRESSIVE;
				CLANG_CXX_LANGUAGE_STANDARD = "gnu++20";
				CLANG_ENABLE_MODULES = YES;
				CLANG_ENABLE_OBJC_ARC = YES;
				CLANG_ENABLE_OBJC_WEAK = YES;
				CLANG_WARN_BLOCK_CAPTURE_AUTORELEASING = YES;
				CLANG_WARN_BOOL_CONVERSION = YES;
				CLANG_WARN_COMMA = YES;
				CLANG_WARN_CONSTANT_CONVERSION = YES;
				CLANG_WARN_DEPRECATED_OBJC_IMPLEMENTATIONS = YES;
				CLANG_WARN_DIRECT_OBJC_ISA_USAGE = YES_ERROR;
				CLANG_WARN_DOCUMENTATION_COMMENTS = YES;
				CLANG_WARN_EMPTY_BODY = YES;
				CLANG_WARN_ENUM_CONVERSION = YES;
				CLANG_WARN_INFINITE_RECURSION = YES;
				CLANG_WARN_INT_CONVERSION = YES;
				CLANG_WARN_NON_LITERAL_NULL_CONVERSION = YES;
				CLANG_WARN_OBJC_IMPLICIT_RETAIN_SELF = YES;
				CLANG_WARN_OBJC_LITERAL_CONVERSION = YES;
				CLANG_WARN_OBJC_ROOT_CLASS = YES_ERROR;
				CLANG_WARN_QUOTED_INCLUDE_IN_FRAMEWORK_HEADER = YES;
				CLANG_WARN_RANGE_LOOP_ANALYSIS = YES;
				CLANG_WARN_STRICT_PROTOTYPES = YES;
				CLANG_WARN_SUSPICIOUS_MOVE = YES;
				CLANG_WARN_UNGUARDED_AVAILABILITY = YES_AGGRESSIVE;
				CLANG_WARN_UNREACHABLE_CODE = YES;
				CLANG_WARN__DUPLICATE_METHOD_MATCH = YES;
				COPY_PHASE_STRIP = NO;
				DEBUG_INFORMATION_FORMAT = "dwarf-with-dsym";
				ENABLE_NS_ASSERTIONS = NO;
				ENABLE_STRICT_OBJC_MSGSEND = YES;
				GCC_C_LANGUAGE_STANDARD = gnu11;
				GCC_NO_COMMON_BLOCKS = YES;
				GCC_WARN_64_TO_32_BIT_CONVERSION = YES;
				GCC_WARN_ABOUT_RETURN_TYPE = YES_ERROR;
				GCC_WARN_UNDECLARED_SELECTOR = YES;
				GCC_WARN_UNINITIALIZED_AUTOS = YES_AGGRESSIVE;
				GCC_WARN_UNUSED_FUNCTION = YES;
				GCC_WARN_UNUSED_VARIABLE = YES;
				IPHONEOS_DEPLOYMENT_TARGET = 16.0;
				MTL_ENABLE_DEBUG_INFO = NO;
				MTL_FAST_MATH = YES;
				SDKROOT = iphoneos;
				SWIFT_COMPILATION_MODE = wholemodule;
				SWIFT_OPTIMIZATION_LEVEL = "-O";
				VALIDATE_PRODUCT = YES;
			};
			name = Release;
		};
		BE526C9C28DC54AA00982848 /* Debug */ = {
			isa = XCBuildConfiguration;
			buildSettings = {
				ASSETCATALOG_COMPILER_APPICON_NAME = AppIcon;
				ASSETCATALOG_COMPILER_GLOBAL_ACCENT_COLOR_NAME = AccentColor;
				CODE_SIGN_STYLE = Automatic;
				CURRENT_PROJECT_VERSION = 1;
				DEVELOPMENT_ASSET_PATHS = "\"AnimalFacts/Resource/Preview Content\"";
				DEVELOPMENT_TEAM = XJ3VD2JLL3;
				ENABLE_PREVIEWS = YES;
				GENERATE_INFOPLIST_FILE = YES;
				INFOPLIST_KEY_UIApplicationSceneManifest_Generation = YES;
				INFOPLIST_KEY_UIApplicationSupportsIndirectInputEvents = YES;
				INFOPLIST_KEY_UILaunchScreen_Generation = YES;
				INFOPLIST_KEY_UISupportedInterfaceOrientations_iPad = "UIInterfaceOrientationPortrait UIInterfaceOrientationPortraitUpsideDown UIInterfaceOrientationLandscapeLeft UIInterfaceOrientationLandscapeRight";
				INFOPLIST_KEY_UISupportedInterfaceOrientations_iPhone = "UIInterfaceOrientationPortrait UIInterfaceOrientationLandscapeLeft UIInterfaceOrientationLandscapeRight";
				LD_RUNPATH_SEARCH_PATHS = (
					"$(inherited)",
					"@executable_path/Frameworks",
				);
				MARKETING_VERSION = 1.0;
				PRODUCT_BUNDLE_IDENTIFIER = d.polurezov.AnimalFacts;
				PRODUCT_NAME = "$(TARGET_NAME)";
				SWIFT_EMIT_LOC_STRINGS = YES;
				SWIFT_VERSION = 5.0;
				TARGETED_DEVICE_FAMILY = "1,2";
			};
			name = Debug;
		};
		BE526C9D28DC54AA00982848 /* Release */ = {
			isa = XCBuildConfiguration;
			buildSettings = {
				ASSETCATALOG_COMPILER_APPICON_NAME = AppIcon;
				ASSETCATALOG_COMPILER_GLOBAL_ACCENT_COLOR_NAME = AccentColor;
				CODE_SIGN_STYLE = Automatic;
				CURRENT_PROJECT_VERSION = 1;
				DEVELOPMENT_ASSET_PATHS = "\"AnimalFacts/Resource/Preview Content\"";
				DEVELOPMENT_TEAM = XJ3VD2JLL3;
				ENABLE_PREVIEWS = YES;
				GENERATE_INFOPLIST_FILE = YES;
				INFOPLIST_KEY_UIApplicationSceneManifest_Generation = YES;
				INFOPLIST_KEY_UIApplicationSupportsIndirectInputEvents = YES;
				INFOPLIST_KEY_UILaunchScreen_Generation = YES;
				INFOPLIST_KEY_UISupportedInterfaceOrientations_iPad = "UIInterfaceOrientationPortrait UIInterfaceOrientationPortraitUpsideDown UIInterfaceOrientationLandscapeLeft UIInterfaceOrientationLandscapeRight";
				INFOPLIST_KEY_UISupportedInterfaceOrientations_iPhone = "UIInterfaceOrientationPortrait UIInterfaceOrientationLandscapeLeft UIInterfaceOrientationLandscapeRight";
				LD_RUNPATH_SEARCH_PATHS = (
					"$(inherited)",
					"@executable_path/Frameworks",
				);
				MARKETING_VERSION = 1.0;
				PRODUCT_BUNDLE_IDENTIFIER = d.polurezov.AnimalFacts;
				PRODUCT_NAME = "$(TARGET_NAME)";
				SWIFT_EMIT_LOC_STRINGS = YES;
				SWIFT_VERSION = 5.0;
				TARGETED_DEVICE_FAMILY = "1,2";
			};
			name = Release;
		};
		BE526C9F28DC54AA00982848 /* Debug */ = {
			isa = XCBuildConfiguration;
			buildSettings = {
				ALWAYS_EMBED_SWIFT_STANDARD_LIBRARIES = YES;
				BUNDLE_LOADER = "$(TEST_HOST)";
				CODE_SIGN_STYLE = Automatic;
				CURRENT_PROJECT_VERSION = 1;
				DEVELOPMENT_TEAM = XJ3VD2JLL3;
				GENERATE_INFOPLIST_FILE = YES;
				IPHONEOS_DEPLOYMENT_TARGET = 16.0;
				MARKETING_VERSION = 1.0;
				PRODUCT_BUNDLE_IDENTIFIER = d.polurezov.AnimalFactsTests;
				PRODUCT_NAME = "$(TARGET_NAME)";
				SWIFT_EMIT_LOC_STRINGS = NO;
				SWIFT_VERSION = 5.0;
				TARGETED_DEVICE_FAMILY = "1,2";
				TEST_HOST = "$(BUILT_PRODUCTS_DIR)/AnimalFacts.app/$(BUNDLE_EXECUTABLE_FOLDER_PATH)/AnimalFacts";
			};
			name = Debug;
		};
		BE526CA028DC54AA00982848 /* Release */ = {
			isa = XCBuildConfiguration;
			buildSettings = {
				ALWAYS_EMBED_SWIFT_STANDARD_LIBRARIES = YES;
				BUNDLE_LOADER = "$(TEST_HOST)";
				CODE_SIGN_STYLE = Automatic;
				CURRENT_PROJECT_VERSION = 1;
				DEVELOPMENT_TEAM = XJ3VD2JLL3;
				GENERATE_INFOPLIST_FILE = YES;
				IPHONEOS_DEPLOYMENT_TARGET = 16.0;
				MARKETING_VERSION = 1.0;
				PRODUCT_BUNDLE_IDENTIFIER = d.polurezov.AnimalFactsTests;
				PRODUCT_NAME = "$(TARGET_NAME)";
				SWIFT_EMIT_LOC_STRINGS = NO;
				SWIFT_VERSION = 5.0;
				TARGETED_DEVICE_FAMILY = "1,2";
				TEST_HOST = "$(BUILT_PRODUCTS_DIR)/AnimalFacts.app/$(BUNDLE_EXECUTABLE_FOLDER_PATH)/AnimalFacts";
			};
			name = Release;
		};
		BE526CA228DC54AA00982848 /* Debug */ = {
			isa = XCBuildConfiguration;
			buildSettings = {
				ALWAYS_EMBED_SWIFT_STANDARD_LIBRARIES = YES;
				CODE_SIGN_STYLE = Automatic;
				CURRENT_PROJECT_VERSION = 1;
				DEVELOPMENT_TEAM = XJ3VD2JLL3;
				GENERATE_INFOPLIST_FILE = YES;
				MARKETING_VERSION = 1.0;
				PRODUCT_BUNDLE_IDENTIFIER = d.polurezov.AnimalFactsUITests;
				PRODUCT_NAME = "$(TARGET_NAME)";
				SWIFT_EMIT_LOC_STRINGS = NO;
				SWIFT_VERSION = 5.0;
				TARGETED_DEVICE_FAMILY = "1,2";
				TEST_TARGET_NAME = AnimalFacts;
			};
			name = Debug;
		};
		BE526CA328DC54AA00982848 /* Release */ = {
			isa = XCBuildConfiguration;
			buildSettings = {
				ALWAYS_EMBED_SWIFT_STANDARD_LIBRARIES = YES;
				CODE_SIGN_STYLE = Automatic;
				CURRENT_PROJECT_VERSION = 1;
				DEVELOPMENT_TEAM = XJ3VD2JLL3;
				GENERATE_INFOPLIST_FILE = YES;
				MARKETING_VERSION = 1.0;
				PRODUCT_BUNDLE_IDENTIFIER = d.polurezov.AnimalFactsUITests;
				PRODUCT_NAME = "$(TARGET_NAME)";
				SWIFT_EMIT_LOC_STRINGS = NO;
				SWIFT_VERSION = 5.0;
				TARGETED_DEVICE_FAMILY = "1,2";
				TEST_TARGET_NAME = AnimalFacts;
			};
			name = Release;
		};
/* End XCBuildConfiguration section */

/* Begin XCConfigurationList section */
		BE526C7228DC54A900982848 /* Build configuration list for PBXProject "AnimalFacts" */ = {
			isa = XCConfigurationList;
			buildConfigurations = (
				BE526C9928DC54AA00982848 /* Debug */,
				BE526C9A28DC54AA00982848 /* Release */,
			);
			defaultConfigurationIsVisible = 0;
			defaultConfigurationName = Release;
		};
		BE526C9B28DC54AA00982848 /* Build configuration list for PBXNativeTarget "AnimalFacts" */ = {
			isa = XCConfigurationList;
			buildConfigurations = (
				BE526C9C28DC54AA00982848 /* Debug */,
				BE526C9D28DC54AA00982848 /* Release */,
			);
			defaultConfigurationIsVisible = 0;
			defaultConfigurationName = Release;
		};
		BE526C9E28DC54AA00982848 /* Build configuration list for PBXNativeTarget "AnimalFactsTests" */ = {
			isa = XCConfigurationList;
			buildConfigurations = (
				BE526C9F28DC54AA00982848 /* Debug */,
				BE526CA028DC54AA00982848 /* Release */,
			);
			defaultConfigurationIsVisible = 0;
			defaultConfigurationName = Release;
		};
		BE526CA128DC54AA00982848 /* Build configuration list for PBXNativeTarget "AnimalFactsUITests" */ = {
			isa = XCConfigurationList;
			buildConfigurations = (
				BE526CA228DC54AA00982848 /* Debug */,
				BE526CA328DC54AA00982848 /* Release */,
			);
			defaultConfigurationIsVisible = 0;
			defaultConfigurationName = Release;
		};
/* End XCConfigurationList section */
	};
	rootObject = BE526C6F28DC54A900982848 /* Project object */;
}
